{
  "version": "5",
  "remote": {
    "https://deno.land/std@0.224.0/async/delay.ts": "f90dd685b97c2f142b8069082993e437b1602b8e2561134827eeb7c12b95c499",
    "https://deno.land/std@0.224.0/http/server.ts": "f9313804bf6467a1704f45f76cb6cd0a3396a3b31c316035e6a4c2035d1ea514",
    "https://deno.land/x/openai@v4.52.7/_shims/MultipartBody.ts": "fe06a56b54ae358c9cf99823096e34b36795fdba2e17513f0e9539210edd797d",
    "https://deno.land/x/openai@v4.52.7/_shims/mod.ts": "2e253cb26bfa7060bd37e45626e60e4bf3e7b3fb3e0f559fdfdeef94c73f9372",
    "https://deno.land/x/openai@v4.52.7/core.ts": "4d78de4c114f5048120eb34c4e94286e69e9c1453cb03791296e79e0e5713bc2",
    "https://deno.land/x/openai@v4.52.7/error.ts": "a8721373ee2bb58af749b537af4adf320f73b576b9f4263072e98c4a099578ad",
    "https://deno.land/x/openai@v4.52.7/lib/AbstractAssistantStreamRunner.ts": "2e7a0a6c3dc541d8eea15f0c2c6c394a4373458707103c210a4c7d1ddb04f5b7",
    "https://deno.land/x/openai@v4.52.7/lib/AbstractChatCompletionRunner.ts": "04e896780c3ac2a82de55e17823d6fef1e49ea7632d998149986ae45d2eb0c47",
    "https://deno.land/x/openai@v4.52.7/lib/AssistantStream.ts": "00257f487b45d1f0d4edf859da067c0d48e65b1b08400004a54ce572611d0cb2",
    "https://deno.land/x/openai@v4.52.7/lib/ChatCompletionRunner.ts": "0d1cc40d99cd64b7d573ab95f9cb75750f24f9829da91e12573122842985a2d0",
    "https://deno.land/x/openai@v4.52.7/lib/ChatCompletionStream.ts": "e5721b3a8c1edb8442c4ab11db947ae2437c6fc999fc2b53d3b1f4b3c27b3549",
    "https://deno.land/x/openai@v4.52.7/lib/ChatCompletionStreamingRunner.ts": "9bcaae3760dd5f9b54d5d4b2ba79b8731bb3dc79214c26e5d0bbdfe809747dd2",
    "https://deno.land/x/openai@v4.52.7/lib/RunnableFunction.ts": "f45a16776de983da6b65e5748eb2c581b6ea9d3849bda0026f24659cf0be2d2c",
    "https://deno.land/x/openai@v4.52.7/lib/Util.ts": "aa555aecdbba8b0ae2e8a982a6797cabc0942fa0d2e99ce629d243d9032941b8",
    "https://deno.land/x/openai@v4.52.7/lib/chatCompletionUtils.ts": "4991d3e698a54f8e4273eb0f1d73851f7ba549a0a32fabbcd739627677003cb9",
    "https://deno.land/x/openai@v4.52.7/lib/jsonschema.ts": "ed31a7861e19e505c43aa7612579b2739243ee8e8dd47ccb5f8908fa5ff3b5f0",
    "https://deno.land/x/openai@v4.52.7/mod.ts": "347543dc4ece9f66ac71a13d94774426b7a7bee0f174e163507a89d2b7476afc",
    "https://deno.land/x/openai@v4.52.7/pagination.ts": "02a6737ca6c987cab6effa2788327d022b9e0edc95dd98db0be986383f484e22",
    "https://deno.land/x/openai@v4.52.7/resource.ts": "c496dbda8dc6324d25fcef3d7233310935259d6aa0baf4b0d95039e4913f6380",
    "https://deno.land/x/openai@v4.52.7/resources/audio/audio.ts": "baddf217421e2c09aa67d6977d9d98bc119edb7167ae6fd3e821778d8c702f19",
    "https://deno.land/x/openai@v4.52.7/resources/audio/speech.ts": "5a472cf379bdacc20a4f9f9af1588c948c1cf3eb27858742d7ba56493f18fd67",
    "https://deno.land/x/openai@v4.52.7/resources/audio/transcriptions.ts": "6cbdf36139d4606289ea0724155d25499f6af3531a5f2073e44d3d87718314df",
    "https://deno.land/x/openai@v4.52.7/resources/audio/translations.ts": "329dfbab7c3ae7a9244379735f113008b5cd959e791076a2f26c01bf83ef998e",
    "https://deno.land/x/openai@v4.52.7/resources/batches.ts": "c74d0c40fd748fae60107297a10a62a1a98a646ac2a1b20e9be8499bdceeda57",
    "https://deno.land/x/openai@v4.52.7/resources/beta/assistants.ts": "1dfec1128cec4b8871e6f45e653c9af4735629c6f3ab4c7a91c35b718a87c28f",
    "https://deno.land/x/openai@v4.52.7/resources/beta/beta.ts": "2e4c2ad66515f2ec5a1e3a2ccb6f29425b5a06bf2b8a600efb3e4303e61e516a",
    "https://deno.land/x/openai@v4.52.7/resources/beta/chat/chat.ts": "80dc8786a4b895e9fb152495496f44ac669e95fbb9c2f5a3c0bd379f408b1e1c",
    "https://deno.land/x/openai@v4.52.7/resources/beta/chat/completions.ts": "5e15cb9095f34d2a51e6e79a83dc5a53dc32e9ab99e607ba59732271612ffd19",
    "https://deno.land/x/openai@v4.52.7/resources/beta/threads/messages.ts": "1bc3c64b57179fa2689156379bb6407f1a699ee28bfc1755f5f6826265ac5803",
    "https://deno.land/x/openai@v4.52.7/resources/beta/threads/runs/runs.ts": "37b5a2e5941e7aa693a88828e70fa8d0734ac96e7d457927fef462ce77ac9f65",
    "https://deno.land/x/openai@v4.52.7/resources/beta/threads/runs/steps.ts": "51d85d9618f79a38d491c56e1aa8d43b943432ee8f41ae726006a4ec7fc25074",
    "https://deno.land/x/openai@v4.52.7/resources/beta/threads/threads.ts": "11d11c876877c0a7fce13e4fa0a6159e34c570ba3d52017df68d5e280aa29a55",
    "https://deno.land/x/openai@v4.52.7/resources/beta/vector-stores/file-batches.ts": "b1f53967214c8cec017b20bfa6310061608b3ef278f0fec21b53104b7fe82f91",
    "https://deno.land/x/openai@v4.52.7/resources/beta/vector-stores/files.ts": "d8f8ea175b6ec1524226eade57240e68e234c98ddff12e9c8a2f7f532cb9d89f",
    "https://deno.land/x/openai@v4.52.7/resources/beta/vector-stores/vector-stores.ts": "a3b3e0f7704fbd8ba22c76e401ca4e8375b55cdf5f14460f00f62e8004b41934",
    "https://deno.land/x/openai@v4.52.7/resources/chat/chat.ts": "35c93c4388e9727fff7dcec6f09eb82d8b9f6d246b34ec219741b26e2d1c78de",
    "https://deno.land/x/openai@v4.52.7/resources/chat/completions.ts": "270ef6c9d4b7a8681cc6e668821b4f2a7c6188ddd18b1fe18dc3b924b2037b4a",
    "https://deno.land/x/openai@v4.52.7/resources/chat/mod.ts": "533faa7d352b1291cac0200a91e5c638361070285336631a76a0a26debc99d60",
    "https://deno.land/x/openai@v4.52.7/resources/completions.ts": "c8b2569f34b26205b0d9d348e594586d3ead6571caf84920171dd5b7a057322d",
    "https://deno.land/x/openai@v4.52.7/resources/embeddings.ts": "2a28c666fe9c42bb860bdfa1b27c4aae96c548159aa7e7030a384cfbb00a7465",
    "https://deno.land/x/openai@v4.52.7/resources/files.ts": "8b733524f9c3afc5b31646749de92d81679b62a130c9715b3782aa9d30ced00c",
    "https://deno.land/x/openai@v4.52.7/resources/fine-tuning/fine-tuning.ts": "5cb89d96fc6d914ae2d68257a4d08a1f12c140c12b7892a14393177ca9c4ca2b",
    "https://deno.land/x/openai@v4.52.7/resources/fine-tuning/jobs/checkpoints.ts": "d5a62d828186fb54b50ac2aa0f82a8f9b0c66a7ece0728e79e30cf6e19251bdf",
    "https://deno.land/x/openai@v4.52.7/resources/fine-tuning/jobs/jobs.ts": "bbc91853e90d0568624c15755a32220779e086bd9917778b54dcaa104a817413",
    "https://deno.land/x/openai@v4.52.7/resources/images.ts": "21ec14b419819914398f4bc2575608a938a298b77357b0bc17cbdbfb624a2280",
    "https://deno.land/x/openai@v4.52.7/resources/mod.ts": "8f81e21bf165952f01e2ac9a6a05d1e1c3e820611f61ee62148cb878b2f92131",
    "https://deno.land/x/openai@v4.52.7/resources/models.ts": "fc8620e0d93158560be0e941bbb298870c7f85515ec2a411602fb46a1269ea93",
    "https://deno.land/x/openai@v4.52.7/resources/moderations.ts": "828dbc64a89c361299f6d169cf0d04736e22d9caf4e6f44acce58f269caf1118",
    "https://deno.land/x/openai@v4.52.7/resources/shared.ts": "3e8f4151a77d5dbe1e76ac2af061dc49463790adca54ad6e242a21c7c85114ec",
    "https://deno.land/x/openai@v4.52.7/streaming.ts": "04f85a25d5143758473521223e58003a59cc617fa57755e5a62ba96741cb50ef",
    "https://deno.land/x/openai@v4.52.7/uploads.ts": "33857c766326193dd038ca77382f3b361ef92038a938de312f3f95aa77531a46",
    "https://deno.land/x/openai@v4.52.7/version.ts": "b274b68ae9f646509fa900bea960213c0c3ca2128d26e72819426d2870bff312"
  },
  "workspace": {
    "packageJson": {
      "dependencies": [
        "npm:@babel/core@^7.25.2",
        "npm:@react-native-async-storage/async-storage@2.1.2",
        "npm:@supabase/supabase-js@^2.50.2",
        "npm:@types/aes-js@^3.1.4",
        "npm:@types/react@~19.0.10",
        "npm:aes-js@^3.1.2",
        "npm:expo-constants@~17.1.6",
        "npm:expo-linking@~7.1.5",
        "npm:expo-router@~5.1.1",
        "npm:expo-secure-store@~14.2.3",
        "npm:expo-status-bar@~2.2.3",
        "npm:expo@~53.0.13",
        "npm:nativewind@^4.1.23",
        "npm:prettier-plugin-tailwindcss@~0.5.14",
        "npm:react-dom@19.0.0",
        "npm:react-native-get-random-values@^1.11.0",
        "npm:react-native-reanimated@~3.17.4",
        "npm:react-native-safe-area-context@5.4.0",
        "npm:react-native-screens@~4.11.1",
        "npm:react-native-url-polyfill@2",
        "npm:react-native-web@0.20",
        "npm:react-native@0.79.4",
        "npm:react@19.0.0",
        "npm:supabase@^2.30.4",
        "npm:tailwindcss@^3.4.17",
        "npm:typescript@~5.8.3"
      ]
    }
  }
}
